
Microsoft Visual Studio Solution File, Format Version 12.00
# Visual Studio Version 16
VisualStudioVersion = 16.0.30225.117
MinimumVisualStudioVersion = 10.0.40219.1
Project("{FAE04EC0-301F-11D3-BF4B-00C04F79EFBC}") = "getProcess", "getProcess\getProcess.csproj", "{A8E56C80-FDE0-4FB1-BDDA-880CDCFE889B}"
EndProject
Global
	GlobalSection(SolutionConfigurationPlatforms) = preSolution
		Debug|Any CPU = Debug|Any CPU
		Release|Any CPU = Release|Any CPU
	EndGlobalSection
	GlobalSection(ProjectConfigurationPlatforms) = postSolution
		{A8E56C80-FDE0-4FB1-BDDA-880CDCFE889B}.Debug|Any CPU.ActiveCfg = Debug|Any CPU
		{A8E56C80-FDE0-4FB1-BDDA-880CDCFE889B}.Debug|Any CPU.Build.0 = Debug|Any CPU
		{A8E56C80-FDE0-4FB1-BDDA-880CDCFE889B}.Release|Any CPU.ActiveCfg = Release|Any CPU
		{A8E56C80-FDE0-4FB1-BDDA-880CDCFE889B}.Release|Any CPU.Build.0 = Release|Any CPU
	EndGlobalSection
	GlobalSection(SolutionProperties) = preSolution
		HideSolutionNode = FALSE
	EndGlobalSection
	GlobalSection(ExtensibilityGlobals) = postSolution
		SolutionGuid = {1338AD30-8492-4187-AD99-196FB49C0DF7}
	EndGlobalSection
EndGlobal
